
Microsoft Visual Studio Solution File, Format Version 12.00
# Visual Studio 15
VisualStudioVersion = 15.0.28010.2016
MinimumVisualStudioVersion = 10.0.40219.1
Project("{FAE04EC0-301F-11D3-BF4B-00C04F79EFBC}") = "MasteringCsharp.App", "MasteringCsharp.App\MasteringCsharp.App.csproj", "{B3642E5A-5E29-49DC-AE5C-3A635A7CBA43}"
EndProject
Global
	GlobalSection(SolutionConfigurationPlatforms) = preSolution
		Debug|Any CPU = Debug|Any CPU
		Release|Any CPU = Release|Any CPU
	EndGlobalSection
	GlobalSection(ProjectConfigurationPlatforms) = postSolution
		{B3642E5A-5E29-49DC-AE5C-3A635A7CBA43}.Debug|Any CPU.ActiveCfg = Debug|Any CPU
		{B3642E5A-5E29-49DC-AE5C-3A635A7CBA43}.Debug|Any CPU.Build.0 = Debug|Any CPU
		{B3642E5A-5E29-49DC-AE5C-3A635A7CBA43}.Release|Any CPU.ActiveCfg = Release|Any CPU
		{B3642E5A-5E29-49DC-AE5C-3A635A7CBA43}.Release|Any CPU.Build.0 = Release|Any CPU
	EndGlobalSection
	GlobalSection(SolutionProperties) = preSolution
		HideSolutionNode = FALSE
	EndGlobalSection
	GlobalSection(ExtensibilityGlobals) = postSolution
		SolutionGuid = {85FD07B5-063A-49AD-B969-42588D090A90}
	EndGlobalSection
EndGlobal
